// !$*UTF8*$!
{
	archiveVersion = 1;
	classes = {
	};
	objectVersion = 56;
	objects = {

/* Begin PBXBuildFile section */
		B028098728E6EB090066E526 /* UIColorEXt.swift in Sources */ = {isa = PBXBuildFile; fileRef = B028098628E6EB090066E526 /* UIColorEXt.swift */; };
		B0BD6E8428E6D3930035858A /* AppDelegate.swift in Sources */ = {isa = PBXBuildFile; fileRef = B0BD6E8328E6D3930035858A /* AppDelegate.swift */; };
		B0BD6E8628E6D3930035858A /* SceneDelegate.swift in Sources */ = {isa = PBXBuildFile; fileRef = B0BD6E8528E6D3930035858A /* SceneDelegate.swift */; };
		B0BD6E8B28E6D3930035858A /* Main.storyboard in Resources */ = {isa = PBXBuildFile; fileRef = B0BD6E8928E6D3930035858A /* Main.storyboard */; };
		B0BD6E8D28E6D39C0035858A /* Assets.xcassets in Resources */ = {isa = PBXBuildFile; fileRef = B0BD6E8C28E6D39C0035858A /* Assets.xcassets */; };
		B0BD6E9028E6D39C0035858A /* LaunchScreen.storyboard in Resources */ = {isa = PBXBuildFile; fileRef = B0BD6E8E28E6D39C0035858A /* LaunchScreen.storyboard */; };
		B0BD6E9828E6D3F10035858A /* ColoursTableVC.swift in Sources */ = {isa = PBXBuildFile; fileRef = B0BD6E9728E6D3F10035858A /* ColoursTableVC.swift */; };
		B0BD6E9A28E6D4180035858A /* ColourDetailVC.swift in Sources */ = {isa = PBXBuildFile; fileRef = B0BD6E9928E6D4180035858A /* ColourDetailVC.swift */; };
/* End PBXBuildFile section */

/* Begin PBXFileReference section */
		B028098628E6EB090066E526 /* UIColorEXt.swift */ = {isa = PBXFileReference; lastKnownFileType = sourcecode.swift; path = UIColorEXt.swift; sourceTree = "<group>"; };
		B0BD6E8028E6D3930035858A /* Colours App.app */ = {isa = PBXFileReference; explicitFileType = wrapper.application; includeInIndex = 0; path = "Colours App.app"; sourceTree = BUILT_PRODUCTS_DIR; };
		B0BD6E8328E6D3930035858A /* AppDelegate.swift */ = {isa = PBXFileReference; lastKnownFileType = sourcecode.swift; path = AppDelegate.swift; sourceTree = "<group>"; };
		B0BD6E8528E6D3930035858A /* SceneDelegate.swift */ = {isa = PBXFileReference; lastKnownFileType = sourcecode.swift; path = SceneDelegate.swift; sourceTree = "<group>"; };
		B0BD6E8A28E6D3930035858A /* Base */ = {isa = PBXFileReference; lastKnownFileType = file.storyboard; name = Base; path = Base.lproj/Main.storyboard; sourceTree = "<group>"; };
		B0BD6E8C28E6D39C0035858A /* Assets.xcassets */ = {isa = PBXFileReference; lastKnownFileType = folder.assetcatalog; path = Assets.xcassets; sourceTree = "<group>"; };
		B0BD6E8F28E6D39C0035858A /* Base */ = {isa = PBXFileReference; lastKnownFileType = file.storyboard; name = Base; path = Base.lproj/LaunchScreen.storyboard; sourceTree = "<group>"; };
		B0BD6E9128E6D39C0035858A /* Info.plist */ = {isa = PBXFileReference; lastKnownFileType = text.plist.xml; path = Info.plist; sourceTree = "<group>"; };
		B0BD6E9728E6D3F10035858A /* ColoursTableVC.swift */ = {isa = PBXFileReference; lastKnownFileType = sourcecode.swift; path = ColoursTableVC.swift; sourceTree = "<group>"; };
		B0BD6E9928E6D4180035858A /* ColourDetailVC.swift */ = {isa = PBXFileReference; lastKnownFileType = sourcecode.swift; path = ColourDetailVC.swift; sourceTree = "<group>"; };
/* End PBXFileReference section */

/* Begin PBXFrameworksBuildPhase section */
		B0BD6E7D28E6D3930035858A /* Frameworks */ = {
			isa = PBXFrameworksBuildPhase;
			buildActionMask = 2147483647;
			files = (
			);
			runOnlyForDeploymentPostprocessing = 0;
		};
/* End PBXFrameworksBuildPhase section */

/* Begin PBXGroup section */
		B0BD6E7728E6D3930035858A = {
			isa = PBXGroup;
			children = (
				B0BD6E8228E6D3930035858A /* Colours App */,
				B0BD6E8128E6D3930035858A /* Products */,
			);
			sourceTree = "<group>";
		};
		B0BD6E8128E6D3930035858A /* Products */ = {
			isa = PBXGroup;
			children = (
				B0BD6E8028E6D3930035858A /* Colours App.app */,
			);
			name = Products;
			sourceTree = "<group>";
		};
		B0BD6E8228E6D3930035858A /* Colours App */ = {
			isa = PBXGroup;
			children = (
				B0BD6E8328E6D3930035858A /* AppDelegate.swift */,
				B0BD6E8528E6D3930035858A /* SceneDelegate.swift */,
				B0BD6E9728E6D3F10035858A /* ColoursTableVC.swift */,
				B028098628E6EB090066E526 /* UIColorEXt.swift */,
				B0BD6E9928E6D4180035858A /* ColourDetailVC.swift */,
				B0BD6E8928E6D3930035858A /* Main.storyboard */,
				B0BD6E8C28E6D39C0035858A /* Assets.xcassets */,
				B0BD6E8E28E6D39C0035858A /* LaunchScreen.storyboard */,
				B0BD6E9128E6D39C0035858A /* Info.plist */,
			);
			path = "Colours App";
			sourceTree = "<group>";
		};
/* End PBXGroup section */

/* Begin PBXNativeTarget section */
		B0BD6E7F28E6D3930035858A /* Colours App */ = {
			isa = PBXNativeTarget;
			buildConfigurationList = B0BD6E9428E6D39C0035858A /* Build configuration list for PBXNativeTarget "Colours App" */;
			buildPhases = (
				B0BD6E7C28E6D3930035858A /* Sources */,
				B0BD6E7D28E6D3930035858A /* Frameworks */,
				B0BD6E7E28E6D3930035858A /* Resources */,
			);
			buildRules = (
			);
			dependencies = (
			);
			name = "Colours App";
			productName = "Colours App";
			productReference = B0BD6E8028E6D3930035858A /* Colours App.app */;
			productType = "com.apple.product-type.application";
		};
/* End PBXNativeTarget section */

/* Begin PBXProject section */
		B0BD6E7828E6D3930035858A /* Project object */ = {
			isa = PBXProject;
			attributes = {
				BuildIndependentTargetsInParallel = 1;
				LastSwiftUpdateCheck = 1400;
				LastUpgradeCheck = 1400;
				TargetAttributes = {
					B0BD6E7F28E6D3930035858A = {
						CreatedOnToolsVersion = 14.0;
					};
				};
			};
			buildConfigurationList = B0BD6E7B28E6D3930035858A /* Build configuration list for PBXProject "Colours App" */;
			compatibilityVersion = "Xcode 14.0";
			developmentRegion = en;
			hasScannedForEncodings = 0;
			knownRegions = (
				en,
				Base,
			);
			mainGroup = B0BD6E7728E6D3930035858A;
			productRefGroup = B0BD6E8128E6D3930035858A /* Products */;
			projectDirPath = "";
			projectRoot = "";
			targets = (
				B0BD6E7F28E6D3930035858A /* Colours App */,
			);
		};
/* End PBXProject section */

/* Begin PBXResourcesBuildPhase section */
		B0BD6E7E28E6D3930035858A /* Resources */ = {
			isa = PBXResourcesBuildPhase;
			buildActionMask = 2147483647;
			files = (
				B0BD6E9028E6D39C0035858A /* LaunchScreen.storyboard in Resources */,
				B0BD6E8D28E6D39C0035858A /* Assets.xcassets in Resources */,
				B0BD6E8B28E6D3930035858A /* Main.storyboard in Resources */,
			);
			runOnlyForDeploymentPostprocessing = 0;
		};
/* End PBXResourcesBuildPhase section */

/* Begin PBXSourcesBuildPhase section */
		B0BD6E7C28E6D3930035858A /* Sources */ = {
			isa = PBXSourcesBuildPhase;
			buildActionMask = 2147483647;
			files = (
				B0BD6E8428E6D3930035858A /* AppDelegate.swift in Sources */,
				B0BD6E9828E6D3F10035858A /* ColoursTableVC.swift in Sources */,
				B0BD6E8628E6D3930035858A /* SceneDelegate.swift in Sources */,
				B028098728E6EB090066E526 /* UIColorEXt.swift in Sources */,
				B0BD6E9A28E6D4180035858A /* ColourDetailVC.swift in Sources */,
			);
			runOnlyForDeploymentPostprocessing = 0;
		};
/* End PBXSourcesBuildPhase section */

/* Begin PBXVariantGroup section */
		B0BD6E8928E6D3930035858A /* Main.storyboard */ = {
			isa = PBXVariantGroup;
			children = (
				B0BD6E8A28E6D3930035858A /* Base */,
			);
			name = Main.storyboard;
			sourceTree = "<group>";
		};
		B0BD6E8E28E6D39C0035858A /* LaunchScreen.storyboard */ = {
			isa = PBXVariantGroup;
			children = (
				B0BD6E8F28E6D39C0035858A /* Base */,
			);
			name = LaunchScreen.storyboard;
			sourceTree = "<group>";
		};
/* End PBXVariantGroup section */

/* Begin XCBuildConfiguration section */
		B0BD6E9228E6D39C0035858A /* Debug */ = {
			isa = XCBuildConfiguration;
			buildSettings = {
				ALWAYS_SEARCH_USER_PATHS = NO;
				CLANG_ANALYZER_NONNULL = YES;
				CLANG_ANALYZER_NUMBER_OBJECT_CONVERSION = YES_AGGRESSIVE;
				CLANG_CXX_LANGUAGE_STANDARD = "gnu++20";
				CLANG_ENABLE_MODULES = YES;
				CLANG_ENABLE_OBJC_ARC = YES;
				CLANG_ENABLE_OBJC_WEAK = YES;
				CLANG_WARN_BLOCK_CAPTURE_AUTORELEASING = YES;
				CLANG_WARN_BOOL_CONVERSION = YES;
				CLANG_WARN_COMMA = YES;
				CLANG_WARN_CONSTANT_CONVERSION = YES;
				CLANG_WARN_DEPRECATED_OBJC_IMPLEMENTATIONS = YES;
				CLANG_WARN_DIRECT_OBJC_ISA_USAGE = YES_ERROR;
				CLANG_WARN_DOCUMENTATION_COMMENTS = YES;
				CLANG_WARN_EMPTY_BODY = YES;
				CLANG_WARN_ENUM_CONVERSION = YES;
				CLANG_WARN_INFINITE_RECURSION = YES;
				CLANG_WARN_INT_CONVERSION = YES;
				CLANG_WARN_NON_LITERAL_NULL_CONVERSION = YES;
				CLANG_WARN_OBJC_IMPLICIT_RETAIN_SELF = YES;
				CLANG_WARN_OBJC_LITERAL_CONVERSION = YES;
				CLANG_WARN_OBJC_ROOT_CLASS = YES_ERROR;
				CLANG_WARN_QUOTED_INCLUDE_IN_FRAMEWORK_HEADER = YES;
				CLANG_WARN_RANGE_LOOP_ANALYSIS = YES;
				CLANG_WARN_STRICT_PROTOTYPES = YES;
				CLANG_WARN_SUSPICIOUS_MOVE = YES;
				CLANG_WARN_UNGUARDED_AVAILABILITY = YES_AGGRESSIVE;
				CLANG_WARN_UNREACHABLE_CODE = YES;
				CLANG_WARN__DUPLICATE_METHOD_MATCH = YES;
				COPY_PHASE_STRIP = NO;
				DEBUG_INFORMATION_FORMAT = dwarf;
				ENABLE_STRICT_OBJC_MSGSEND = YES;
				ENABLE_TESTABILITY = YES;
				GCC_C_LANGUAGE_STANDARD = gnu11;
				GCC_DYNAMIC_NO_PIC = NO;
				GCC_NO_COMMON_BLOCKS = YES;
				GCC_OPTIMIZATION_LEVEL = 0;
				GCC_PREPROCESSOR_DEFINITIONS = (
					"DEBUG=1",
					"$(inherited)",
				);
				GCC_WARN_64_TO_32_BIT_CONVERSION = YES;
				GCC_WARN_ABOUT_RETURN_TYPE = YES_ERROR;
				GCC_WARN_UNDECLARED_SELECTOR = YES;
				GCC_WARN_UNINITIALIZED_AUTOS = YES_AGGRESSIVE;
				GCC_WARN_UNUSED_FUNCTION = YES;
				GCC_WARN_UNUSED_VARIABLE = YES;
				IPHONEOS_DEPLOYMENT_TARGET = 16.0;
				MTL_ENABLE_DEBUG_INFO = INCLUDE_SOURCE;
				MTL_FAST_MATH = YES;
				ONLY_ACTIVE_ARCH = YES;
				SDKROOT = iphoneos;
				SWIFT_ACTIVE_COMPILATION_CONDITIONS = DEBUG;
				SWIFT_OPTIMIZATION_LEVEL = "-Onone";
			};
			name = Debug;
		};
		B0BD6E9328E6D39C0035858A /* Release */ = {
			isa = XCBuildConfiguration;
			buildSettings = {
				ALWAYS_SEARCH_USER_PATHS = NO;
				CLANG_ANALYZER_NONNULL = YES;
				CLANG_ANALYZER_NUMBER_OBJECT_CONVERSION = YES_AGGRESSIVE;
				CLANG_CXX_LANGUAGE_STANDARD = "gnu++20";
				CLANG_ENABLE_MODULES = YES;
				CLANG_ENABLE_OBJC_ARC = YES;
				CLANG_ENABLE_OBJC_WEAK = YES;
				CLANG_WARN_BLOCK_CAPTURE_AUTORELEASING = YES;
				CLANG_WARN_BOOL_CONVERSION = YES;
				CLANG_WARN_COMMA = YES;
				CLANG_WARN_CONSTANT_CONVERSION = YES;
				CLANG_WARN_DEPRECATED_OBJC_IMPLEMENTATIONS = YES;
				CLANG_WARN_DIRECT_OBJC_ISA_USAGE = YES_ERROR;
				CLANG_WARN_DOCUMENTATION_COMMENTS = YES;
				CLANG_WARN_EMPTY_BODY = YES;
				CLANG_WARN_ENUM_CONVERSION = YES;
				CLANG_WARN_INFINITE_RECURSION = YES;
				CLANG_WARN_INT_CONVERSION = YES;
				CLANG_WARN_NON_LITERAL_NULL_CONVERSION = YES;
				CLANG_WARN_OBJC_IMPLICIT_RETAIN_SELF = YES;
				CLANG_WARN_OBJC_LITERAL_CONVERSION = YES;
				CLANG_WARN_OBJC_ROOT_CLASS = YES_ERROR;
				CLANG_WARN_QUOTED_INCLUDE_IN_FRAMEWORK_HEADER = YES;
				CLANG_WARN_RANGE_LOOP_ANALYSIS = YES;
				CLANG_WARN_STRICT_PROTOTYPES = YES;
				CLANG_WARN_SUSPICIOUS_MOVE = YES;
				CLANG_WARN_UNGUARDED_AVAILABILITY = YES_AGGRESSIVE;
				CLANG_WARN_UNREACHABLE_CODE = YES;
				CLANG_WARN__DUPLICATE_METHOD_MATCH = YES;
				COPY_PHASE_STRIP = NO;
				DEBUG_INFORMATION_FORMAT = "dwarf-with-dsym";
				ENABLE_NS_ASSERTIONS = NO;
				ENABLE_STRICT_OBJC_MSGSEND = YES;
				GCC_C_LANGUAGE_STANDARD = gnu11;
				GCC_NO_COMMON_BLOCKS = YES;
				GCC_WARN_64_TO_32_BIT_CONVERSION = YES;
				GCC_WARN_ABOUT_RETURN_TYPE = YES_ERROR;
				GCC_WARN_UNDECLARED_SELECTOR = YES;
				GCC_WARN_UNINITIALIZED_AUTOS = YES_AGGRESSIVE;
				GCC_WARN_UNUSED_FUNCTION = YES;
				GCC_WARN_UNUSED_VARIABLE = YES;
				IPHONEOS_DEPLOYMENT_TARGET = 16.0;
				MTL_ENABLE_DEBUG_INFO = NO;
				MTL_FAST_MATH = YES;
				SDKROOT = iphoneos;
				SWIFT_COMPILATION_MODE = wholemodule;
				SWIFT_OPTIMIZATION_LEVEL = "-O";
				VALIDATE_PRODUCT = YES;
			};
			name = Release;
		};
		B0BD6E9528E6D39C0035858A /* Debug */ = {
			isa = XCBuildConfiguration;
			buildSettings = {
				ASSETCATALOG_COMPILER_APPICON_NAME = AppIcon;
				ASSETCATALOG_COMPILER_GLOBAL_ACCENT_COLOR_NAME = AccentColor;
				CODE_SIGN_STYLE = Automatic;
				CURRENT_PROJECT_VERSION = 1;
				DEVELOPMENT_TEAM = 6T8FV4G6P3;
				GENERATE_INFOPLIST_FILE = YES;
				INFOPLIST_FILE = "Colours App/Info.plist";
				INFOPLIST_KEY_UIApplicationSupportsIndirectInputEvents = YES;
				INFOPLIST_KEY_UILaunchStoryboardName = LaunchScreen;
				INFOPLIST_KEY_UIMainStoryboardFile = Main;
				INFOPLIST_KEY_UISupportedInterfaceOrientations_iPad = "UIInterfaceOrientationPortrait UIInterfaceOrientationPortraitUpsideDown UIInterfaceOrientationLandscapeLeft UIInterfaceOrientationLandscapeRight";
				INFOPLIST_KEY_UISupportedInterfaceOrientations_iPhone = "UIInterfaceOrientationPortrait UIInterfaceOrientationLandscapeLeft UIInterfaceOrientationLandscapeRight";
				IPHONEOS_DEPLOYMENT_TARGET = 15.5;
				LD_RUNPATH_SEARCH_PATHS = (
					"$(inherited)",
					"@executable_path/Frameworks",
				);
				MARKETING_VERSION = 1.0;
				PRODUCT_BUNDLE_IDENTIFIER = "com.cvilium.Colours-App";
				PRODUCT_NAME = "$(TARGET_NAME)";
				SWIFT_EMIT_LOC_STRINGS = YES;
				SWIFT_VERSION = 5.0;
				TARGETED_DEVICE_FAMILY = "1,2";
			};
			name = Debug;
		};
		B0BD6E9628E6D39C0035858A /* Release */ = {
			isa = XCBuildConfiguration;
			buildSettings = {
				ASSETCATALOG_COMPILER_APPICON_NAME = AppIcon;
				ASSETCATALOG_COMPILER_GLOBAL_ACCENT_COLOR_NAME = AccentColor;
				CODE_SIGN_STYLE = Automatic;
				CURRENT_PROJECT_VERSION = 1;
				DEVELOPMENT_TEAM = 6T8FV4G6P3;
				GENERATE_INFOPLIST_FILE = YES;
				INFOPLIST_FILE = "Colours App/Info.plist";
				INFOPLIST_KEY_UIApplicationSupportsIndirectInputEvents = YES;
				INFOPLIST_KEY_UILaunchStoryboardName = LaunchScreen;
				INFOPLIST_KEY_UIMainStoryboardFile = Main;
				INFOPLIST_KEY_UISupportedInterfaceOrientations_iPad = "UIInterfaceOrientationPortrait UIInterfaceOrientationPortraitUpsideDown UIInterfaceOrientationLandscapeLeft UIInterfaceOrientationLandscapeRight";
				INFOPLIST_KEY_UISupportedInterfaceOrientations_iPhone = "UIInterfaceOrientationPortrait UIInterfaceOrientationLandscapeLeft UIInterfaceOrientationLandscapeRight";
				IPHONEOS_DEPLOYMENT_TARGET = 15.5;
				LD_RUNPATH_SEARCH_PATHS = (
					"$(inherited)",
					"@executable_path/Frameworks",
				);
				MARKETING_VERSION = 1.0;
				PRODUCT_BUNDLE_IDENTIFIER = "com.cvilium.Colours-App";
				PRODUCT_NAME = "$(TARGET_NAME)";
				SWIFT_EMIT_LOC_STRINGS = YES;
				SWIFT_VERSION = 5.0;
				TARGETED_DEVICE_FAMILY = "1,2";
			};
			name = Release;
		};
/* End XCBuildConfiguration section */

/* Begin XCConfigurationList section */
		B0BD6E7B28E6D3930035858A /* Build configuration list for PBXProject "Colours App" */ = {
			isa = XCConfigurationList;
			buildConfigurations = (
				B0BD6E9228E6D39C0035858A /* Debug */,
				B0BD6E9328E6D39C0035858A /* Release */,
			);
			defaultConfigurationIsVisible = 0;
			defaultConfigurationName = Release;
		};
		B0BD6E9428E6D39C0035858A /* Build configuration list for PBXNativeTarget "Colours App" */ = {
			isa = XCConfigurationList;
			buildConfigurations = (
				B0BD6E9528E6D39C0035858A /* Debug */,
				B0BD6E9628E6D39C0035858A /* Release */,
			);
			defaultConfigurationIsVisible = 0;
			defaultConfigurationName = Release;
		};
/* End XCConfigurationList section */
	};
	rootObject = B0BD6E7828E6D3930035858A /* Project object */;
}
